
Microsoft Visual Studio Solution File, Format Version 12.00
# Visual Studio Version 16
VisualStudioVersion = 16.0.31702.278
MinimumVisualStudioVersion = 10.0.40219.1
Project("{FAE04EC0-301F-11D3-BF4B-00C04F79EFBC}") = "MVC", "MVC\MVC.csproj", "{F52D3DF7-626F-4BE8-9185-9675E8621314}"
EndProject
Project("{FAE04EC0-301F-11D3-BF4B-00C04F79EFBC}") = "MVC.Common", "MVC.Common\MVC.Common.csproj", "{90D765DE-9963-4C26-8FEA-04BDE08C7D6F}"
EndProject
Global
	GlobalSection(SolutionConfigurationPlatforms) = preSolution
		Debug|Any CPU = Debug|Any CPU
		Release|Any CPU = Release|Any CPU
	EndGlobalSection
	GlobalSection(ProjectConfigurationPlatforms) = postSolution
		{F52D3DF7-626F-4BE8-9185-9675E8621314}.Debug|Any CPU.ActiveCfg = Debug|Any CPU
		{F52D3DF7-626F-4BE8-9185-9675E8621314}.Debug|Any CPU.Build.0 = Debug|Any CPU
		{F52D3DF7-626F-4BE8-9185-9675E8621314}.Release|Any CPU.ActiveCfg = Release|Any CPU
		{F52D3DF7-626F-4BE8-9185-9675E8621314}.Release|Any CPU.Build.0 = Release|Any CPU
		{90D765DE-9963-4C26-8FEA-04BDE08C7D6F}.Debug|Any CPU.ActiveCfg = Debug|Any CPU
		{90D765DE-9963-4C26-8FEA-04BDE08C7D6F}.Debug|Any CPU.Build.0 = Debug|Any CPU
		{90D765DE-9963-4C26-8FEA-04BDE08C7D6F}.Release|Any CPU.ActiveCfg = Release|Any CPU
		{90D765DE-9963-4C26-8FEA-04BDE08C7D6F}.Release|Any CPU.Build.0 = Release|Any CPU
	EndGlobalSection
	GlobalSection(SolutionProperties) = preSolution
		HideSolutionNode = FALSE
	EndGlobalSection
	GlobalSection(ExtensibilityGlobals) = postSolution
		SolutionGuid = {4635D24B-9F90-404B-BBE4-2676E6A07E97}
	EndGlobalSection
EndGlobal
